
Microsoft Visual Studio Solution File, Format Version 12.00
# Visual Studio Version 17
VisualStudioVersion = 17.2.32526.322
MinimumVisualStudioVersion = 10.0.40219.1
Project("{9A19103F-16F7-4668-BE54-9A1E7A4F7556}") = "xPatreon", "xPatreon.csproj", "{F222FF59-E33E-411C-9BEA-E568D694FB08}"
EndProject
Project("{9A19103F-16F7-4668-BE54-9A1E7A4F7556}") = "Services", "..\Services\Services.csproj", "{0B30E13D-96B9-44F2-B759-C12DE72D25B9}"
EndProject
Project("{9A19103F-16F7-4668-BE54-9A1E7A4F7556}") = "DataBase", "..\DataBase\DataBase.csproj", "{33CD2AD3-A6B5-45A0-8B6B-688972730770}"
EndProject
Project("{FAE04EC0-301F-11D3-BF4B-00C04F79EFBC}") = "xPatreonFunctionApp", "..\xPatreonFunctionApp\xPatreonFunctionApp.csproj", "{9E4AFB2B-5C2F-4447-825D-89A1377E85F9}"
EndProject
Project("{2150E333-8FDC-42A3-9474-1A3956D46DE8}") = "Solution Items", "Solution Items", "{72697F0C-2576-4EDF-92C4-D067FAA55704}"
	ProjectSection(SolutionItems) = preProject
		.editorconfig = .editorconfig
	EndProjectSection
EndProject
Global
	GlobalSection(SolutionConfigurationPlatforms) = preSolution
		Debug|Any CPU = Debug|Any CPU
		Release|Any CPU = Release|Any CPU
	EndGlobalSection
	GlobalSection(ProjectConfigurationPlatforms) = postSolution
		{F222FF59-E33E-411C-9BEA-E568D694FB08}.Debug|Any CPU.ActiveCfg = Debug|Any CPU
		{F222FF59-E33E-411C-9BEA-E568D694FB08}.Debug|Any CPU.Build.0 = Debug|Any CPU
		{F222FF59-E33E-411C-9BEA-E568D694FB08}.Release|Any CPU.ActiveCfg = Release|Any CPU
		{F222FF59-E33E-411C-9BEA-E568D694FB08}.Release|Any CPU.Build.0 = Release|Any CPU
		{0B30E13D-96B9-44F2-B759-C12DE72D25B9}.Debug|Any CPU.ActiveCfg = Debug|Any CPU
		{0B30E13D-96B9-44F2-B759-C12DE72D25B9}.Debug|Any CPU.Build.0 = Debug|Any CPU
		{0B30E13D-96B9-44F2-B759-C12DE72D25B9}.Release|Any CPU.ActiveCfg = Release|Any CPU
		{0B30E13D-96B9-44F2-B759-C12DE72D25B9}.Release|Any CPU.Build.0 = Release|Any CPU
		{33CD2AD3-A6B5-45A0-8B6B-688972730770}.Debug|Any CPU.ActiveCfg = Debug|Any CPU
		{33CD2AD3-A6B5-45A0-8B6B-688972730770}.Debug|Any CPU.Build.0 = Debug|Any CPU
		{33CD2AD3-A6B5-45A0-8B6B-688972730770}.Release|Any CPU.ActiveCfg = Release|Any CPU
		{33CD2AD3-A6B5-45A0-8B6B-688972730770}.Release|Any CPU.Build.0 = Release|Any CPU
		{9E4AFB2B-5C2F-4447-825D-89A1377E85F9}.Debug|Any CPU.ActiveCfg = Debug|Any CPU
		{9E4AFB2B-5C2F-4447-825D-89A1377E85F9}.Debug|Any CPU.Build.0 = Debug|Any CPU
		{9E4AFB2B-5C2F-4447-825D-89A1377E85F9}.Release|Any CPU.ActiveCfg = Release|Any CPU
		{9E4AFB2B-5C2F-4447-825D-89A1377E85F9}.Release|Any CPU.Build.0 = Release|Any CPU
	EndGlobalSection
	GlobalSection(SolutionProperties) = preSolution
		HideSolutionNode = FALSE
	EndGlobalSection
	GlobalSection(ExtensibilityGlobals) = postSolution
		SolutionGuid = {64AECFC0-A8DC-4F7C-9FC1-3EE58B12F6E0}
	EndGlobalSection
EndGlobal
